
Microsoft Visual Studio Solution File, Format Version 12.00
# Visual Studio Version 17
VisualStudioVersion = 17.8.34309.116
MinimumVisualStudioVersion = 10.0.40219.1
Project("{FAE04EC0-301F-11D3-BF4B-00C04F79EFBC}") = "ProyectoIE", "ProyectoIE.csproj", "{03B40051-382D-4832-9746-4DBAEB2BF796}"
EndProject
Global
	GlobalSection(SolutionConfigurationPlatforms) = preSolution
		Debug|Any CPU = Debug|Any CPU
		Release|Any CPU = Release|Any CPU
	EndGlobalSection
	GlobalSection(ProjectConfigurationPlatforms) = postSolution
		{03B40051-382D-4832-9746-4DBAEB2BF796}.Debug|Any CPU.ActiveCfg = Debug|Any CPU
		{03B40051-382D-4832-9746-4DBAEB2BF796}.Debug|Any CPU.Build.0 = Debug|Any CPU
		{03B40051-382D-4832-9746-4DBAEB2BF796}.Release|Any CPU.ActiveCfg = Release|Any CPU
		{03B40051-382D-4832-9746-4DBAEB2BF796}.Release|Any CPU.Build.0 = Release|Any CPU
	EndGlobalSection
	GlobalSection(SolutionProperties) = preSolution
		HideSolutionNode = FALSE
	EndGlobalSection
	GlobalSection(ExtensibilityGlobals) = postSolution
		SolutionGuid = {3B5D2038-F122-499E-A345-A66160375942}
	EndGlobalSection
EndGlobal
